
Microsoft Visual Studio Solution File, Format Version 12.00
# Visual Studio Version 17
VisualStudioVersion = 17.4.33213.308
MinimumVisualStudioVersion = 10.0.40219.1
Project("{FAE04EC0-301F-11D3-BF4B-00C04F79EFBC}") = "Server", "Server.csproj", "{44E3C292-6E9C-4492-BF3D-0A6B9B6079B6}"
EndProject
Global
	GlobalSection(SolutionConfigurationPlatforms) = preSolution
		Debug|Any CPU = Debug|Any CPU
		Release|Any CPU = Release|Any CPU
	EndGlobalSection
	GlobalSection(ProjectConfigurationPlatforms) = postSolution
		{44E3C292-6E9C-4492-BF3D-0A6B9B6079B6}.Debug|Any CPU.ActiveCfg = Debug|Any CPU
		{44E3C292-6E9C-4492-BF3D-0A6B9B6079B6}.Debug|Any CPU.Build.0 = Debug|Any CPU
		{44E3C292-6E9C-4492-BF3D-0A6B9B6079B6}.Release|Any CPU.ActiveCfg = Release|Any CPU
		{44E3C292-6E9C-4492-BF3D-0A6B9B6079B6}.Release|Any CPU.Build.0 = Release|Any CPU
	EndGlobalSection
	GlobalSection(SolutionProperties) = preSolution
		HideSolutionNode = FALSE
	EndGlobalSection
	GlobalSection(ExtensibilityGlobals) = postSolution
		SolutionGuid = {1D2F9906-713F-4914-91C5-363FCFAE7167}
	EndGlobalSection
EndGlobal
